// !$*UTF8*$!
{
	archiveVersion = 1;
	classes = {
	};
	objectVersion = 50;
	objects = {

/* Begin PBXBuildFile section */
		B60E2C4322171B7F00EAF376 /* AppDelegate.m in Sources */ = {isa = PBXBuildFile; fileRef = B60E2C4222171B7F00EAF376 /* AppDelegate.m */; };
		B60E2C4922171B7F00EAF376 /* Main.storyboard in Resources */ = {isa = PBXBuildFile; fileRef = B60E2C4722171B7F00EAF376 /* Main.storyboard */; };
		B60E2C4B22171B8700EAF376 /* Assets.xcassets in Resources */ = {isa = PBXBuildFile; fileRef = B60E2C4A22171B8700EAF376 /* Assets.xcassets */; };
		B60E2C4E22171B8700EAF376 /* LaunchScreen.storyboard in Resources */ = {isa = PBXBuildFile; fileRef = B60E2C4C22171B8700EAF376 /* LaunchScreen.storyboard */; };
		B60E2C5122171B8700EAF376 /* main.m in Sources */ = {isa = PBXBuildFile; fileRef = B60E2C5022171B8700EAF376 /* main.m */; };
/* End PBXBuildFile section */

/* Begin PBXFileReference section */
		B60E2C3E22171B7F00EAF376 /* MovieSearch-C.app */ = {isa = PBXFileReference; explicitFileType = wrapper.application; includeInIndex = 0; path = "MovieSearch-C.app"; sourceTree = BUILT_PRODUCTS_DIR; };
		B60E2C4122171B7F00EAF376 /* AppDelegate.h */ = {isa = PBXFileReference; lastKnownFileType = sourcecode.c.h; path = AppDelegate.h; sourceTree = "<group>"; };
		B60E2C4222171B7F00EAF376 /* AppDelegate.m */ = {isa = PBXFileReference; lastKnownFileType = sourcecode.c.objc; path = AppDelegate.m; sourceTree = "<group>"; };
		B60E2C4822171B7F00EAF376 /* Base */ = {isa = PBXFileReference; lastKnownFileType = file.storyboard; name = Base; path = Base.lproj/Main.storyboard; sourceTree = "<group>"; };
		B60E2C4A22171B8700EAF376 /* Assets.xcassets */ = {isa = PBXFileReference; lastKnownFileType = folder.assetcatalog; path = Assets.xcassets; sourceTree = "<group>"; };
		B60E2C4D22171B8700EAF376 /* Base */ = {isa = PBXFileReference; lastKnownFileType = file.storyboard; name = Base; path = Base.lproj/LaunchScreen.storyboard; sourceTree = "<group>"; };
		B60E2C4F22171B8700EAF376 /* Info.plist */ = {isa = PBXFileReference; lastKnownFileType = text.plist.xml; path = Info.plist; sourceTree = "<group>"; };
		B60E2C5022171B8700EAF376 /* main.m */ = {isa = PBXFileReference; lastKnownFileType = sourcecode.c.objc; path = main.m; sourceTree = "<group>"; };
/* End PBXFileReference section */

/* Begin PBXFrameworksBuildPhase section */
		B60E2C3B22171B7F00EAF376 /* Frameworks */ = {
			isa = PBXFrameworksBuildPhase;
			buildActionMask = 2147483647;
			files = (
			);
			runOnlyForDeploymentPostprocessing = 0;
		};
/* End PBXFrameworksBuildPhase section */

/* Begin PBXGroup section */
		B60E2C3522171B7E00EAF376 = {
			isa = PBXGroup;
			children = (
				B60E2C4022171B7F00EAF376 /* MovieSearch-C */,
				B60E2C3F22171B7F00EAF376 /* Products */,
			);
			sourceTree = "<group>";
		};
		B60E2C3F22171B7F00EAF376 /* Products */ = {
			isa = PBXGroup;
			children = (
				B60E2C3E22171B7F00EAF376 /* MovieSearch-C.app */,
			);
			name = Products;
			sourceTree = "<group>";
		};
		B60E2C4022171B7F00EAF376 /* MovieSearch-C */ = {
			isa = PBXGroup;
			children = (
				B60E2C4122171B7F00EAF376 /* AppDelegate.h */,
				B60E2C4222171B7F00EAF376 /* AppDelegate.m */,
				B60E2C5722171BD100EAF376 /* Views */,
				B60E2C5822171BEB00EAF376 /* Resources */,
			);
			path = "MovieSearch-C";
			sourceTree = "<group>";
		};
		B60E2C5722171BD100EAF376 /* Views */ = {
			isa = PBXGroup;
			children = (
				B60E2C4722171B7F00EAF376 /* Main.storyboard */,
			);
			path = Views;
			sourceTree = "<group>";
		};
		B60E2C5822171BEB00EAF376 /* Resources */ = {
			isa = PBXGroup;
			children = (
				B60E2C4A22171B8700EAF376 /* Assets.xcassets */,
				B60E2C4C22171B8700EAF376 /* LaunchScreen.storyboard */,
				B60E2C4F22171B8700EAF376 /* Info.plist */,
				B60E2C5022171B8700EAF376 /* main.m */,
			);
			path = Resources;
			sourceTree = "<group>";
		};
/* End PBXGroup section */

/* Begin PBXNativeTarget section */
		B60E2C3D22171B7F00EAF376 /* MovieSearch-C */ = {
			isa = PBXNativeTarget;
			buildConfigurationList = B60E2C5422171B8700EAF376 /* Build configuration list for PBXNativeTarget "MovieSearch-C" */;
			buildPhases = (
				B60E2C3A22171B7F00EAF376 /* Sources */,
				B60E2C3B22171B7F00EAF376 /* Frameworks */,
				B60E2C3C22171B7F00EAF376 /* Resources */,
			);
			buildRules = (
			);
			dependencies = (
			);
			name = "MovieSearch-C";
			productName = "MovieSearch-C";
			productReference = B60E2C3E22171B7F00EAF376 /* MovieSearch-C.app */;
			productType = "com.apple.product-type.application";
		};
/* End PBXNativeTarget section */

/* Begin PBXProject section */
		B60E2C3622171B7F00EAF376 /* Project object */ = {
			isa = PBXProject;
			attributes = {
				LastUpgradeCheck = 1010;
				ORGANIZATIONNAME = "Dominic Lanzillotta";
				TargetAttributes = {
					B60E2C3D22171B7F00EAF376 = {
						CreatedOnToolsVersion = 10.1;
					};
				};
			};
			buildConfigurationList = B60E2C3922171B7F00EAF376 /* Build configuration list for PBXProject "MovieSearch-C" */;
			compatibilityVersion = "Xcode 9.3";
			developmentRegion = en;
			hasScannedForEncodings = 0;
			knownRegions = (
				en,
				Base,
			);
			mainGroup = B60E2C3522171B7E00EAF376;
			productRefGroup = B60E2C3F22171B7F00EAF376 /* Products */;
			projectDirPath = "";
			projectRoot = "";
			targets = (
				B60E2C3D22171B7F00EAF376 /* MovieSearch-C */,
			);
		};
/* End PBXProject section */

/* Begin PBXResourcesBuildPhase section */
		B60E2C3C22171B7F00EAF376 /* Resources */ = {
			isa = PBXResourcesBuildPhase;
			buildActionMask = 2147483647;
			files = (
				B60E2C4E22171B8700EAF376 /* LaunchScreen.storyboard in Resources */,
				B60E2C4B22171B8700EAF376 /* Assets.xcassets in Resources */,
				B60E2C4922171B7F00EAF376 /* Main.storyboard in Resources */,
			);
			runOnlyForDeploymentPostprocessing = 0;
		};
/* End PBXResourcesBuildPhase section */

/* Begin PBXSourcesBuildPhase section */
		B60E2C3A22171B7F00EAF376 /* Sources */ = {
			isa = PBXSourcesBuildPhase;
			buildActionMask = 2147483647;
			files = (
				B60E2C5122171B8700EAF376 /* main.m in Sources */,
				B60E2C4322171B7F00EAF376 /* AppDelegate.m in Sources */,
			);
			runOnlyForDeploymentPostprocessing = 0;
		};
/* End PBXSourcesBuildPhase section */

/* Begin PBXVariantGroup section */
		B60E2C4722171B7F00EAF376 /* Main.storyboard */ = {
			isa = PBXVariantGroup;
			children = (
				B60E2C4822171B7F00EAF376 /* Base */,
			);
			name = Main.storyboard;
			sourceTree = "<group>";
		};
		B60E2C4C22171B8700EAF376 /* LaunchScreen.storyboard */ = {
			isa = PBXVariantGroup;
			children = (
				B60E2C4D22171B8700EAF376 /* Base */,
			);
			name = LaunchScreen.storyboard;
			sourceTree = "<group>";
		};
/* End PBXVariantGroup section */

/* Begin XCBuildConfiguration section */
		B60E2C5222171B8700EAF376 /* Debug */ = {
			isa = XCBuildConfiguration;
			buildSettings = {
				ALWAYS_SEARCH_USER_PATHS = NO;
				CLANG_ANALYZER_NONNULL = YES;
				CLANG_ANALYZER_NUMBER_OBJECT_CONVERSION = YES_AGGRESSIVE;
				CLANG_CXX_LANGUAGE_STANDARD = "gnu++14";
				CLANG_CXX_LIBRARY = "libc++";
				CLANG_ENABLE_MODULES = YES;
				CLANG_ENABLE_OBJC_ARC = YES;
				CLANG_ENABLE_OBJC_WEAK = YES;
				CLANG_WARN_BLOCK_CAPTURE_AUTORELEASING = YES;
				CLANG_WARN_BOOL_CONVERSION = YES;
				CLANG_WARN_COMMA = YES;
				CLANG_WARN_CONSTANT_CONVERSION = YES;
				CLANG_WARN_DEPRECATED_OBJC_IMPLEMENTATIONS = YES;
				CLANG_WARN_DIRECT_OBJC_ISA_USAGE = YES_ERROR;
				CLANG_WARN_DOCUMENTATION_COMMENTS = YES;
				CLANG_WARN_EMPTY_BODY = YES;
				CLANG_WARN_ENUM_CONVERSION = YES;
				CLANG_WARN_INFINITE_RECURSION = YES;
				CLANG_WARN_INT_CONVERSION = YES;
				CLANG_WARN_NON_LITERAL_NULL_CONVERSION = YES;
				CLANG_WARN_OBJC_IMPLICIT_RETAIN_SELF = YES;
				CLANG_WARN_OBJC_LITERAL_CONVERSION = YES;
				CLANG_WARN_OBJC_ROOT_CLASS = YES_ERROR;
				CLANG_WARN_RANGE_LOOP_ANALYSIS = YES;
				CLANG_WARN_STRICT_PROTOTYPES = YES;
				CLANG_WARN_SUSPICIOUS_MOVE = YES;
				CLANG_WARN_UNGUARDED_AVAILABILITY = YES_AGGRESSIVE;
				CLANG_WARN_UNREACHABLE_CODE = YES;
				CLANG_WARN__DUPLICATE_METHOD_MATCH = YES;
				CODE_SIGN_IDENTITY = "iPhone Developer";
				COPY_PHASE_STRIP = NO;
				DEBUG_INFORMATION_FORMAT = dwarf;
				ENABLE_STRICT_OBJC_MSGSEND = YES;
				ENABLE_TESTABILITY = YES;
				GCC_C_LANGUAGE_STANDARD = gnu11;
				GCC_DYNAMIC_NO_PIC = NO;
				GCC_NO_COMMON_BLOCKS = YES;
				GCC_OPTIMIZATION_LEVEL = 0;
				GCC_PREPROCESSOR_DEFINITIONS = (
					"DEBUG=1",
					"$(inherited)",
				);
				GCC_WARN_64_TO_32_BIT_CONVERSION = YES;
				GCC_WARN_ABOUT_RETURN_TYPE = YES_ERROR;
				GCC_WARN_UNDECLARED_SELECTOR = YES;
				GCC_WARN_UNINITIALIZED_AUTOS = YES_AGGRESSIVE;
				GCC_WARN_UNUSED_FUNCTION = YES;
				GCC_WARN_UNUSED_VARIABLE = YES;
				IPHONEOS_DEPLOYMENT_TARGET = 12.1;
				MTL_ENABLE_DEBUG_INFO = INCLUDE_SOURCE;
				MTL_FAST_MATH = YES;
				ONLY_ACTIVE_ARCH = YES;
				SDKROOT = iphoneos;
			};
			name = Debug;
		};
		B60E2C5322171B8700EAF376 /* Release */ = {
			isa = XCBuildConfiguration;
			buildSettings = {
				ALWAYS_SEARCH_USER_PATHS = NO;
				CLANG_ANALYZER_NONNULL = YES;
				CLANG_ANALYZER_NUMBER_OBJECT_CONVERSION = YES_AGGRESSIVE;
				CLANG_CXX_LANGUAGE_STANDARD = "gnu++14";
				CLANG_CXX_LIBRARY = "libc++";
				CLANG_ENABLE_MODULES = YES;
				CLANG_ENABLE_OBJC_ARC = YES;
				CLANG_ENABLE_OBJC_WEAK = YES;
				CLANG_WARN_BLOCK_CAPTURE_AUTORELEASING = YES;
				CLANG_WARN_BOOL_CONVERSION = YES;
				CLANG_WARN_COMMA = YES;
				CLANG_WARN_CONSTANT_CONVERSION = YES;
				CLANG_WARN_DEPRECATED_OBJC_IMPLEMENTATIONS = YES;
				CLANG_WARN_DIRECT_OBJC_ISA_USAGE = YES_ERROR;
				CLANG_WARN_DOCUMENTATION_COMMENTS = YES;
				CLANG_WARN_EMPTY_BODY = YES;
				CLANG_WARN_ENUM_CONVERSION = YES;
				CLANG_WARN_INFINITE_RECURSION = YES;
				CLANG_WARN_INT_CONVERSION = YES;
				CLANG_WARN_NON_LITERAL_NULL_CONVERSION = YES;
				CLANG_WARN_OBJC_IMPLICIT_RETAIN_SELF = YES;
				CLANG_WARN_OBJC_LITERAL_CONVERSION = YES;
				CLANG_WARN_OBJC_ROOT_CLASS = YES_ERROR;
				CLANG_WARN_RANGE_LOOP_ANALYSIS = YES;
				CLANG_WARN_STRICT_PROTOTYPES = YES;
				CLANG_WARN_SUSPICIOUS_MOVE = YES;
				CLANG_WARN_UNGUARDED_AVAILABILITY = YES_AGGRESSIVE;
				CLANG_WARN_UNREACHABLE_CODE = YES;
				CLANG_WARN__DUPLICATE_METHOD_MATCH = YES;
				CODE_SIGN_IDENTITY = "iPhone Developer";
				COPY_PHASE_STRIP = NO;
				DEBUG_INFORMATION_FORMAT = "dwarf-with-dsym";
				ENABLE_NS_ASSERTIONS = NO;
				ENABLE_STRICT_OBJC_MSGSEND = YES;
				GCC_C_LANGUAGE_STANDARD = gnu11;
				GCC_NO_COMMON_BLOCKS = YES;
				GCC_WARN_64_TO_32_BIT_CONVERSION = YES;
				GCC_WARN_ABOUT_RETURN_TYPE = YES_ERROR;
				GCC_WARN_UNDECLARED_SELECTOR = YES;
				GCC_WARN_UNINITIALIZED_AUTOS = YES_AGGRESSIVE;
				GCC_WARN_UNUSED_FUNCTION = YES;
				GCC_WARN_UNUSED_VARIABLE = YES;
				IPHONEOS_DEPLOYMENT_TARGET = 12.1;
				MTL_ENABLE_DEBUG_INFO = NO;
				MTL_FAST_MATH = YES;
				SDKROOT = iphoneos;
				VALIDATE_PRODUCT = YES;
			};
			name = Release;
		};
		B60E2C5522171B8700EAF376 /* Debug */ = {
			isa = XCBuildConfiguration;
			buildSettings = {
				ASSETCATALOG_COMPILER_APPICON_NAME = AppIcon;
				CODE_SIGN_STYLE = Automatic;
				DEVELOPMENT_TEAM = J6B8ZX28ZW;
				INFOPLIST_FILE = "MovieSearch-C/Info.plist";
				LD_RUNPATH_SEARCH_PATHS = (
					"$(inherited)",
					"@executable_path/Frameworks",
				);
				PRODUCT_BUNDLE_IDENTIFIER = "oskman.MovieSearch-C";
				PRODUCT_NAME = "$(TARGET_NAME)";
				TARGETED_DEVICE_FAMILY = "1,2";
			};
			name = Debug;
		};
		B60E2C5622171B8700EAF376 /* Release */ = {
			isa = XCBuildConfiguration;
			buildSettings = {
				ASSETCATALOG_COMPILER_APPICON_NAME = AppIcon;
				CODE_SIGN_STYLE = Automatic;
				DEVELOPMENT_TEAM = J6B8ZX28ZW;
				INFOPLIST_FILE = "MovieSearch-C/Info.plist";
				LD_RUNPATH_SEARCH_PATHS = (
					"$(inherited)",
					"@executable_path/Frameworks",
				);
				PRODUCT_BUNDLE_IDENTIFIER = "oskman.MovieSearch-C";
				PRODUCT_NAME = "$(TARGET_NAME)";
				TARGETED_DEVICE_FAMILY = "1,2";
			};
			name = Release;
		};
/* End XCBuildConfiguration section */

/* Begin XCConfigurationList section */
		B60E2C3922171B7F00EAF376 /* Build configuration list for PBXProject "MovieSearch-C" */ = {
			isa = XCConfigurationList;
			buildConfigurations = (
				B60E2C5222171B8700EAF376 /* Debug */,
				B60E2C5322171B8700EAF376 /* Release */,
			);
			defaultConfigurationIsVisible = 0;
			defaultConfigurationName = Release;
		};
		B60E2C5422171B8700EAF376 /* Build configuration list for PBXNativeTarget "MovieSearch-C" */ = {
			isa = XCConfigurationList;
			buildConfigurations = (
				B60E2C5522171B8700EAF376 /* Debug */,
				B60E2C5622171B8700EAF376 /* Release */,
			);
			defaultConfigurationIsVisible = 0;
			defaultConfigurationName = Release;
		};
/* End XCConfigurationList section */
	};
	rootObject = B60E2C3622171B7F00EAF376 /* Project object */;
}
